
Microsoft Visual Studio Solution File, Format Version 12.00
# Visual Studio Version 16
VisualStudioVersion = 16.0.31410.357
MinimumVisualStudioVersion = 10.0.40219.1
Project("{9A19103F-16F7-4668-BE54-9A1E7A4F7556}") = "ToDoClient", "ToDoClient\ToDoClient.csproj", "{A99AC03D-184C-4E3A-921A-C2FBE11B80B2}"
EndProject
Project("{9A19103F-16F7-4668-BE54-9A1E7A4F7556}") = "ToDoServer", "ToDoServer\ToDoServer.csproj", "{05B98C9C-486E-4ED9-A6CD-60E9A35EAE9C}"
EndProject
Global
	GlobalSection(SolutionConfigurationPlatforms) = preSolution
		Debug|Any CPU = Debug|Any CPU
		Release|Any CPU = Release|Any CPU
	EndGlobalSection
	GlobalSection(ProjectConfigurationPlatforms) = postSolution
		{A99AC03D-184C-4E3A-921A-C2FBE11B80B2}.Debug|Any CPU.ActiveCfg = Debug|Any CPU
		{A99AC03D-184C-4E3A-921A-C2FBE11B80B2}.Debug|Any CPU.Build.0 = Debug|Any CPU
		{A99AC03D-184C-4E3A-921A-C2FBE11B80B2}.Release|Any CPU.ActiveCfg = Release|Any CPU
		{A99AC03D-184C-4E3A-921A-C2FBE11B80B2}.Release|Any CPU.Build.0 = Release|Any CPU
		{05B98C9C-486E-4ED9-A6CD-60E9A35EAE9C}.Debug|Any CPU.ActiveCfg = Debug|Any CPU
		{05B98C9C-486E-4ED9-A6CD-60E9A35EAE9C}.Debug|Any CPU.Build.0 = Debug|Any CPU
		{05B98C9C-486E-4ED9-A6CD-60E9A35EAE9C}.Release|Any CPU.ActiveCfg = Release|Any CPU
		{05B98C9C-486E-4ED9-A6CD-60E9A35EAE9C}.Release|Any CPU.Build.0 = Release|Any CPU
	EndGlobalSection
	GlobalSection(SolutionProperties) = preSolution
		HideSolutionNode = FALSE
	EndGlobalSection
	GlobalSection(ExtensibilityGlobals) = postSolution
		SolutionGuid = {C67B9AFB-04D8-484A-80AB-4BFDDE7E076B}
	EndGlobalSection
EndGlobal
